// !$*UTF8*$!
{
	archiveVersion = 1;
	classes = {
	};
	objectVersion = 46;
	objects = {

/* Begin PBXBuildFile section */
		75FC913D1AA7EFB40099DBCD /* AppDelegate.swift in Sources */ = {isa = PBXBuildFile; fileRef = 75FC913C1AA7EFB40099DBCD /* AppDelegate.swift */; };
		75FC913F1AA7EFB40099DBCD /* ViewController.swift in Sources */ = {isa = PBXBuildFile; fileRef = 75FC913E1AA7EFB40099DBCD /* ViewController.swift */; };
		75FC91421AA7EFB40099DBCD /* Main.storyboard in Resources */ = {isa = PBXBuildFile; fileRef = 75FC91401AA7EFB40099DBCD /* Main.storyboard */; };
		75FC91441AA7EFB40099DBCD /* Images.xcassets in Resources */ = {isa = PBXBuildFile; fileRef = 75FC91431AA7EFB40099DBCD /* Images.xcassets */; };
		75FC91471AA7EFB50099DBCD /* LaunchScreen.xib in Resources */ = {isa = PBXBuildFile; fileRef = 75FC91451AA7EFB50099DBCD /* LaunchScreen.xib */; };
		75FC91531AA7EFB50099DBCD /* PostcardTests.swift in Sources */ = {isa = PBXBuildFile; fileRef = 75FC91521AA7EFB50099DBCD /* PostcardTests.swift */; };
		75FC915D1AA7F2AB0099DBCD /* url.jpg in Resources */ = {isa = PBXBuildFile; fileRef = 75FC915C1AA7F2AB0099DBCD /* url.jpg */; };
		75FC915F1AA7F5620099DBCD /* canberra_hero_image.jpg in Resources */ = {isa = PBXBuildFile; fileRef = 75FC915E1AA7F5620099DBCD /* canberra_hero_image.jpg */; };
/* End PBXBuildFile section */

/* Begin PBXContainerItemProxy section */
		75FC914D1AA7EFB50099DBCD /* PBXContainerItemProxy */ = {
			isa = PBXContainerItemProxy;
			containerPortal = 75FC912F1AA7EFB40099DBCD /* Project object */;
			proxyType = 1;
			remoteGlobalIDString = 75FC91361AA7EFB40099DBCD;
			remoteInfo = Postcard;
		};
/* End PBXContainerItemProxy section */

/* Begin PBXFileReference section */
		75FC91371AA7EFB40099DBCD /* Postcard.app */ = {isa = PBXFileReference; explicitFileType = wrapper.application; includeInIndex = 0; path = Postcard.app; sourceTree = BUILT_PRODUCTS_DIR; };
		75FC913B1AA7EFB40099DBCD /* Info.plist */ = {isa = PBXFileReference; lastKnownFileType = text.plist.xml; path = Info.plist; sourceTree = "<group>"; };
		75FC913C1AA7EFB40099DBCD /* AppDelegate.swift */ = {isa = PBXFileReference; lastKnownFileType = sourcecode.swift; path = AppDelegate.swift; sourceTree = "<group>"; };
		75FC913E1AA7EFB40099DBCD /* ViewController.swift */ = {isa = PBXFileReference; lastKnownFileType = sourcecode.swift; path = ViewController.swift; sourceTree = "<group>"; };
		75FC91411AA7EFB40099DBCD /* Base */ = {isa = PBXFileReference; lastKnownFileType = file.storyboard; name = Base; path = Base.lproj/Main.storyboard; sourceTree = "<group>"; };
		75FC91431AA7EFB40099DBCD /* Images.xcassets */ = {isa = PBXFileReference; lastKnownFileType = folder.assetcatalog; path = Images.xcassets; sourceTree = "<group>"; };
		75FC91461AA7EFB50099DBCD /* Base */ = {isa = PBXFileReference; lastKnownFileType = file.xib; name = Base; path = Base.lproj/LaunchScreen.xib; sourceTree = "<group>"; };
		75FC914C1AA7EFB50099DBCD /* PostcardTests.xctest */ = {isa = PBXFileReference; explicitFileType = wrapper.cfbundle; includeInIndex = 0; path = PostcardTests.xctest; sourceTree = BUILT_PRODUCTS_DIR; };
		75FC91511AA7EFB50099DBCD /* Info.plist */ = {isa = PBXFileReference; lastKnownFileType = text.plist.xml; path = Info.plist; sourceTree = "<group>"; };
		75FC91521AA7EFB50099DBCD /* PostcardTests.swift */ = {isa = PBXFileReference; lastKnownFileType = sourcecode.swift; path = PostcardTests.swift; sourceTree = "<group>"; };
		75FC915C1AA7F2AB0099DBCD /* url.jpg */ = {isa = PBXFileReference; lastKnownFileType = image.jpeg; path = url.jpg; sourceTree = "<group>"; };
		75FC915E1AA7F5620099DBCD /* canberra_hero_image.jpg */ = {isa = PBXFileReference; lastKnownFileType = image.jpeg; path = canberra_hero_image.jpg; sourceTree = "<group>"; };
/* End PBXFileReference section */

/* Begin PBXFrameworksBuildPhase section */
		75FC91341AA7EFB40099DBCD /* Frameworks */ = {
			isa = PBXFrameworksBuildPhase;
			buildActionMask = 2147483647;
			files = (
			);
			runOnlyForDeploymentPostprocessing = 0;
		};
		75FC91491AA7EFB50099DBCD /* Frameworks */ = {
			isa = PBXFrameworksBuildPhase;
			buildActionMask = 2147483647;
			files = (
			);
			runOnlyForDeploymentPostprocessing = 0;
		};
/* End PBXFrameworksBuildPhase section */

/* Begin PBXGroup section */
		75FC912E1AA7EFB40099DBCD = {
			isa = PBXGroup;
			children = (
				75FC91391AA7EFB40099DBCD /* Postcard */,
				75FC914F1AA7EFB50099DBCD /* PostcardTests */,
				75FC91381AA7EFB40099DBCD /* Products */,
			);
			sourceTree = "<group>";
		};
		75FC91381AA7EFB40099DBCD /* Products */ = {
			isa = PBXGroup;
			children = (
				75FC91371AA7EFB40099DBCD /* Postcard.app */,
				75FC914C1AA7EFB50099DBCD /* PostcardTests.xctest */,
			);
			name = Products;
			sourceTree = "<group>";
		};
		75FC91391AA7EFB40099DBCD /* Postcard */ = {
			isa = PBXGroup;
			children = (
				75FC913C1AA7EFB40099DBCD /* AppDelegate.swift */,
				75FC913E1AA7EFB40099DBCD /* ViewController.swift */,
				75FC91401AA7EFB40099DBCD /* Main.storyboard */,
				75FC91431AA7EFB40099DBCD /* Images.xcassets */,
				75FC91451AA7EFB50099DBCD /* LaunchScreen.xib */,
				75FC913A1AA7EFB40099DBCD /* Supporting Files */,
			);
			path = Postcard;
			sourceTree = "<group>";
		};
		75FC913A1AA7EFB40099DBCD /* Supporting Files */ = {
			isa = PBXGroup;
			children = (
				75FC915E1AA7F5620099DBCD /* canberra_hero_image.jpg */,
				75FC915C1AA7F2AB0099DBCD /* url.jpg */,
				75FC913B1AA7EFB40099DBCD /* Info.plist */,
			);
			name = "Supporting Files";
			sourceTree = "<group>";
		};
		75FC914F1AA7EFB50099DBCD /* PostcardTests */ = {
			isa = PBXGroup;
			children = (
				75FC91521AA7EFB50099DBCD /* PostcardTests.swift */,
				75FC91501AA7EFB50099DBCD /* Supporting Files */,
			);
			path = PostcardTests;
			sourceTree = "<group>";
		};
		75FC91501AA7EFB50099DBCD /* Supporting Files */ = {
			isa = PBXGroup;
			children = (
				75FC91511AA7EFB50099DBCD /* Info.plist */,
			);
			name = "Supporting Files";
			sourceTree = "<group>";
		};
/* End PBXGroup section */

/* Begin PBXNativeTarget section */
		75FC91361AA7EFB40099DBCD /* Postcard */ = {
			isa = PBXNativeTarget;
			buildConfigurationList = 75FC91561AA7EFB50099DBCD /* Build configuration list for PBXNativeTarget "Postcard" */;
			buildPhases = (
				75FC91331AA7EFB40099DBCD /* Sources */,
				75FC91341AA7EFB40099DBCD /* Frameworks */,
				75FC91351AA7EFB40099DBCD /* Resources */,
			);
			buildRules = (
			);
			dependencies = (
			);
			name = Postcard;
			productName = Postcard;
			productReference = 75FC91371AA7EFB40099DBCD /* Postcard.app */;
			productType = "com.apple.product-type.application";
		};
		75FC914B1AA7EFB50099DBCD /* PostcardTests */ = {
			isa = PBXNativeTarget;
			buildConfigurationList = 75FC91591AA7EFB50099DBCD /* Build configuration list for PBXNativeTarget "PostcardTests" */;
			buildPhases = (
				75FC91481AA7EFB50099DBCD /* Sources */,
				75FC91491AA7EFB50099DBCD /* Frameworks */,
				75FC914A1AA7EFB50099DBCD /* Resources */,
			);
			buildRules = (
			);
			dependencies = (
				75FC914E1AA7EFB50099DBCD /* PBXTargetDependency */,
			);
			name = PostcardTests;
			productName = PostcardTests;
			productReference = 75FC914C1AA7EFB50099DBCD /* PostcardTests.xctest */;
			productType = "com.apple.product-type.bundle.unit-test";
		};
/* End PBXNativeTarget section */

/* Begin PBXProject section */
		75FC912F1AA7EFB40099DBCD /* Project object */ = {
			isa = PBXProject;
			attributes = {
				LastUpgradeCheck = 0610;
				ORGANIZATIONNAME = "Ashish Patel";
				TargetAttributes = {
					75FC91361AA7EFB40099DBCD = {
						CreatedOnToolsVersion = 6.1.1;
					};
					75FC914B1AA7EFB50099DBCD = {
						CreatedOnToolsVersion = 6.1.1;
						TestTargetID = 75FC91361AA7EFB40099DBCD;
					};
				};
			};
			buildConfigurationList = 75FC91321AA7EFB40099DBCD /* Build configuration list for PBXProject "Postcard" */;
			compatibilityVersion = "Xcode 3.2";
			developmentRegion = English;
			hasScannedForEncodings = 0;
			knownRegions = (
				en,
				Base,
			);
			mainGroup = 75FC912E1AA7EFB40099DBCD;
			productRefGroup = 75FC91381AA7EFB40099DBCD /* Products */;
			projectDirPath = "";
			projectRoot = "";
			targets = (
				75FC91361AA7EFB40099DBCD /* Postcard */,
				75FC914B1AA7EFB50099DBCD /* PostcardTests */,
			);
		};
/* End PBXProject section */

/* Begin PBXResourcesBuildPhase section */
		75FC91351AA7EFB40099DBCD /* Resources */ = {
			isa = PBXResourcesBuildPhase;
			buildActionMask = 2147483647;
			files = (
				75FC91421AA7EFB40099DBCD /* Main.storyboard in Resources */,
				75FC915D1AA7F2AB0099DBCD /* url.jpg in Resources */,
				75FC915F1AA7F5620099DBCD /* canberra_hero_image.jpg in Resources */,
				75FC91471AA7EFB50099DBCD /* LaunchScreen.xib in Resources */,
				75FC91441AA7EFB40099DBCD /* Images.xcassets in Resources */,
			);
			runOnlyForDeploymentPostprocessing = 0;
		};
		75FC914A1AA7EFB50099DBCD /* Resources */ = {
			isa = PBXResourcesBuildPhase;
			buildActionMask = 2147483647;
			files = (
			);
			runOnlyForDeploymentPostprocessing = 0;
		};
/* End PBXResourcesBuildPhase section */

/* Begin PBXSourcesBuildPhase section */
		75FC91331AA7EFB40099DBCD /* Sources */ = {
			isa = PBXSourcesBuildPhase;
			buildActionMask = 2147483647;
			files = (
				75FC913F1AA7EFB40099DBCD /* ViewController.swift in Sources */,
				75FC913D1AA7EFB40099DBCD /* AppDelegate.swift in Sources */,
			);
			runOnlyForDeploymentPostprocessing = 0;
		};
		75FC91481AA7EFB50099DBCD /* Sources */ = {
			isa = PBXSourcesBuildPhase;
			buildActionMask = 2147483647;
			files = (
				75FC91531AA7EFB50099DBCD /* PostcardTests.swift in Sources */,
			);
			runOnlyForDeploymentPostprocessing = 0;
		};
/* End PBXSourcesBuildPhase section */

/* Begin PBXTargetDependency section */
		75FC914E1AA7EFB50099DBCD /* PBXTargetDependency */ = {
			isa = PBXTargetDependency;
			target = 75FC91361AA7EFB40099DBCD /* Postcard */;
			targetProxy = 75FC914D1AA7EFB50099DBCD /* PBXContainerItemProxy */;
		};
/* End PBXTargetDependency section */

/* Begin PBXVariantGroup section */
		75FC91401AA7EFB40099DBCD /* Main.storyboard */ = {
			isa = PBXVariantGroup;
			children = (
				75FC91411AA7EFB40099DBCD /* Base */,
			);
			name = Main.storyboard;
			sourceTree = "<group>";
		};
		75FC91451AA7EFB50099DBCD /* LaunchScreen.xib */ = {
			isa = PBXVariantGroup;
			children = (
				75FC91461AA7EFB50099DBCD /* Base */,
			);
			name = LaunchScreen.xib;
			sourceTree = "<group>";
		};
/* End PBXVariantGroup section */

/* Begin XCBuildConfiguration section */
		75FC91541AA7EFB50099DBCD /* Debug */ = {
			isa = XCBuildConfiguration;
			buildSettings = {
				ALWAYS_SEARCH_USER_PATHS = NO;
				CLANG_CXX_LANGUAGE_STANDARD = "gnu++0x";
				CLANG_CXX_LIBRARY = "libc++";
				CLANG_ENABLE_MODULES = YES;
				CLANG_ENABLE_OBJC_ARC = YES;
				CLANG_WARN_BOOL_CONVERSION = YES;
				CLANG_WARN_CONSTANT_CONVERSION = YES;
				CLANG_WARN_DIRECT_OBJC_ISA_USAGE = YES_ERROR;
				CLANG_WARN_EMPTY_BODY = YES;
				CLANG_WARN_ENUM_CONVERSION = YES;
				CLANG_WARN_INT_CONVERSION = YES;
				CLANG_WARN_OBJC_ROOT_CLASS = YES_ERROR;
				CLANG_WARN_UNREACHABLE_CODE = YES;
				CLANG_WARN__DUPLICATE_METHOD_MATCH = YES;
				"CODE_SIGN_IDENTITY[sdk=iphoneos*]" = "iPhone Developer";
				COPY_PHASE_STRIP = NO;
				ENABLE_STRICT_OBJC_MSGSEND = YES;
				GCC_C_LANGUAGE_STANDARD = gnu99;
				GCC_DYNAMIC_NO_PIC = NO;
				GCC_OPTIMIZATION_LEVEL = 0;
				GCC_PREPROCESSOR_DEFINITIONS = (
					"DEBUG=1",
					"$(inherited)",
				);
				GCC_SYMBOLS_PRIVATE_EXTERN = NO;
				GCC_WARN_64_TO_32_BIT_CONVERSION = YES;
				GCC_WARN_ABOUT_RETURN_TYPE = YES_ERROR;
				GCC_WARN_UNDECLARED_SELECTOR = YES;
				GCC_WARN_UNINITIALIZED_AUTOS = YES_AGGRESSIVE;
				GCC_WARN_UNUSED_FUNCTION = YES;
				GCC_WARN_UNUSED_VARIABLE = YES;
				IPHONEOS_DEPLOYMENT_TARGET = 8.1;
				MTL_ENABLE_DEBUG_INFO = YES;
				ONLY_ACTIVE_ARCH = YES;
				SDKROOT = iphoneos;
				SWIFT_OPTIMIZATION_LEVEL = "-Onone";
				TARGETED_DEVICE_FAMILY = "1,2";
			};
			name = Debug;
		};
		75FC91551AA7EFB50099DBCD /* Release */ = {
			isa = XCBuildConfiguration;
			buildSettings = {
				ALWAYS_SEARCH_USER_PATHS = NO;
				CLANG_CXX_LANGUAGE_STANDARD = "gnu++0x";
				CLANG_CXX_LIBRARY = "libc++";
				CLANG_ENABLE_MODULES = YES;
				CLANG_ENABLE_OBJC_ARC = YES;
				CLANG_WARN_BOOL_CONVERSION = YES;
				CLANG_WARN_CONSTANT_CONVERSION = YES;
				CLANG_WARN_DIRECT_OBJC_ISA_USAGE = YES_ERROR;
				CLANG_WARN_EMPTY_BODY = YES;
				CLANG_WARN_ENUM_CONVERSION = YES;
				CLANG_WARN_INT_CONVERSION = YES;
				CLANG_WARN_OBJC_ROOT_CLASS = YES_ERROR;
				CLANG_WARN_UNREACHABLE_CODE = YES;
				CLANG_WARN__DUPLICATE_METHOD_MATCH = YES;
				"CODE_SIGN_IDENTITY[sdk=iphoneos*]" = "iPhone Developer";
				COPY_PHASE_STRIP = YES;
				ENABLE_NS_ASSERTIONS = NO;
				ENABLE_STRICT_OBJC_MSGSEND = YES;
				GCC_C_LANGUAGE_STANDARD = gnu99;
				GCC_WARN_64_TO_32_BIT_CONVERSION = YES;
				GCC_WARN_ABOUT_RETURN_TYPE = YES_ERROR;
				GCC_WARN_UNDECLARED_SELECTOR = YES;
				GCC_WARN_UNINITIALIZED_AUTOS = YES_AGGRESSIVE;
				GCC_WARN_UNUSED_FUNCTION = YES;
				GCC_WARN_UNUSED_VARIABLE = YES;
				IPHONEOS_DEPLOYMENT_TARGET = 8.1;
				MTL_ENABLE_DEBUG_INFO = NO;
				SDKROOT = iphoneos;
				TARGETED_DEVICE_FAMILY = "1,2";
				VALIDATE_PRODUCT = YES;
			};
			name = Release;
		};
		75FC91571AA7EFB50099DBCD /* Debug */ = {
			isa = XCBuildConfiguration;
			buildSettings = {
				ASSETCATALOG_COMPILER_APPICON_NAME = AppIcon;
				INFOPLIST_FILE = Postcard/Info.plist;
				LD_RUNPATH_SEARCH_PATHS = "$(inherited) @executable_path/Frameworks";
				PRODUCT_NAME = "$(TARGET_NAME)";
			};
			name = Debug;
		};
		75FC91581AA7EFB50099DBCD /* Release */ = {
			isa = XCBuildConfiguration;
			buildSettings = {
				ASSETCATALOG_COMPILER_APPICON_NAME = AppIcon;
				INFOPLIST_FILE = Postcard/Info.plist;
				LD_RUNPATH_SEARCH_PATHS = "$(inherited) @executable_path/Frameworks";
				PRODUCT_NAME = "$(TARGET_NAME)";
			};
			name = Release;
		};
		75FC915A1AA7EFB50099DBCD /* Debug */ = {
			isa = XCBuildConfiguration;
			buildSettings = {
				BUNDLE_LOADER = "$(TEST_HOST)";
				FRAMEWORK_SEARCH_PATHS = (
					"$(SDKROOT)/Developer/Library/Frameworks",
					"$(inherited)",
				);
				GCC_PREPROCESSOR_DEFINITIONS = (
					"DEBUG=1",
					"$(inherited)",
				);
				INFOPLIST_FILE = PostcardTests/Info.plist;
				LD_RUNPATH_SEARCH_PATHS = "$(inherited) @executable_path/Frameworks @loader_path/Frameworks";
				PRODUCT_NAME = "$(TARGET_NAME)";
				TEST_HOST = "$(BUILT_PRODUCTS_DIR)/Postcard.app/Postcard";
			};
			name = Debug;
		};
		75FC915B1AA7EFB50099DBCD /* Release */ = {
			isa = XCBuildConfiguration;
			buildSettings = {
				BUNDLE_LOADER = "$(TEST_HOST)";
				FRAMEWORK_SEARCH_PATHS = (
					"$(SDKROOT)/Developer/Library/Frameworks",
					"$(inherited)",
				);
				INFOPLIST_FILE = PostcardTests/Info.plist;
				LD_RUNPATH_SEARCH_PATHS = "$(inherited) @executable_path/Frameworks @loader_path/Frameworks";
				PRODUCT_NAME = "$(TARGET_NAME)";
				TEST_HOST = "$(BUILT_PRODUCTS_DIR)/Postcard.app/Postcard";
			};
			name = Release;
		};
/* End XCBuildConfiguration section */

/* Begin XCConfigurationList section */
		75FC91321AA7EFB40099DBCD /* Build configuration list for PBXProject "Postcard" */ = {
			isa = XCConfigurationList;
			buildConfigurations = (
				75FC91541AA7EFB50099DBCD /* Debug */,
				75FC91551AA7EFB50099DBCD /* Release */,
			);
			defaultConfigurationIsVisible = 0;
			defaultConfigurationName = Release;
		};
		75FC91561AA7EFB50099DBCD /* Build configuration list for PBXNativeTarget "Postcard" */ = {
			isa = XCConfigurationList;
			buildConfigurations = (
				75FC91571AA7EFB50099DBCD /* Debug */,
				75FC91581AA7EFB50099DBCD /* Release */,
			);
			defaultConfigurationIsVisible = 0;
		};
		75FC91591AA7EFB50099DBCD /* Build configuration list for PBXNativeTarget "PostcardTests" */ = {
			isa = XCConfigurationList;
			buildConfigurations = (
				75FC915A1AA7EFB50099DBCD /* Debug */,
				75FC915B1AA7EFB50099DBCD /* Release */,
			);
			defaultConfigurationIsVisible = 0;
		};
/* End XCConfigurationList section */
	};
	rootObject = 75FC912F1AA7EFB40099DBCD /* Project object */;
}
